
Microsoft Visual Studio Solution File, Format Version 12.00
# Visual Studio 15
VisualStudioVersion = 15.0.27703.2042
MinimumVisualStudioVersion = 10.0.40219.1
Project("{FAE04EC0-301F-11D3-BF4B-00C04F79EFBC}") = "RaysHotDogs.Core", "RaysHotDogs.Core\RaysHotDogs.Core.csproj", "{06923947-B40F-4CD7-85B9-835E2AF7E387}"
EndProject
Project("{FAE04EC0-301F-11D3-BF4B-00C04F79EFBC}") = "RaysHotDogs.Andriod", "RaysHotDogs.Andriod\RaysHotDogs.Andriod.csproj", "{6594B9A0-0904-4538-A161-7FA41F65DD60}"
EndProject
Global
	GlobalSection(SolutionConfigurationPlatforms) = preSolution
		Debug|Any CPU = Debug|Any CPU
		Release|Any CPU = Release|Any CPU
	EndGlobalSection
	GlobalSection(ProjectConfigurationPlatforms) = postSolution
		{06923947-B40F-4CD7-85B9-835E2AF7E387}.Debug|Any CPU.ActiveCfg = Debug|Any CPU
		{06923947-B40F-4CD7-85B9-835E2AF7E387}.Debug|Any CPU.Build.0 = Debug|Any CPU
		{06923947-B40F-4CD7-85B9-835E2AF7E387}.Release|Any CPU.ActiveCfg = Release|Any CPU
		{06923947-B40F-4CD7-85B9-835E2AF7E387}.Release|Any CPU.Build.0 = Release|Any CPU
		{6594B9A0-0904-4538-A161-7FA41F65DD60}.Debug|Any CPU.ActiveCfg = Debug|Any CPU
		{6594B9A0-0904-4538-A161-7FA41F65DD60}.Debug|Any CPU.Build.0 = Debug|Any CPU
		{6594B9A0-0904-4538-A161-7FA41F65DD60}.Debug|Any CPU.Deploy.0 = Debug|Any CPU
		{6594B9A0-0904-4538-A161-7FA41F65DD60}.Release|Any CPU.ActiveCfg = Release|Any CPU
		{6594B9A0-0904-4538-A161-7FA41F65DD60}.Release|Any CPU.Build.0 = Release|Any CPU
		{6594B9A0-0904-4538-A161-7FA41F65DD60}.Release|Any CPU.Deploy.0 = Release|Any CPU
	EndGlobalSection
	GlobalSection(SolutionProperties) = preSolution
		HideSolutionNode = FALSE
	EndGlobalSection
	GlobalSection(ExtensibilityGlobals) = postSolution
		SolutionGuid = {5D84C3FC-55D5-4C85-96AC-1B4F8266164E}
	EndGlobalSection
EndGlobal
